
Microsoft Visual Studio Solution File, Format Version 12.00
# Visual Studio Version 17
VisualStudioVersion = 17.9.34622.214
MinimumVisualStudioVersion = 10.0.40219.1
Project("{FAE04EC0-301F-11D3-BF4B-00C04F79EFBC}") = "IT_kol1", "IT_kol1\IT_kol1.csproj", "{A988A73A-B1D4-4BE7-B2BA-5150F0D6F304}"
EndProject
Global
	GlobalSection(SolutionConfigurationPlatforms) = preSolution
		Debug|Any CPU = Debug|Any CPU
		Release|Any CPU = Release|Any CPU
	EndGlobalSection
	GlobalSection(ProjectConfigurationPlatforms) = postSolution
		{A988A73A-B1D4-4BE7-B2BA-5150F0D6F304}.Debug|Any CPU.ActiveCfg = Debug|Any CPU
		{A988A73A-B1D4-4BE7-B2BA-5150F0D6F304}.Debug|Any CPU.Build.0 = Debug|Any CPU
		{A988A73A-B1D4-4BE7-B2BA-5150F0D6F304}.Release|Any CPU.ActiveCfg = Release|Any CPU
		{A988A73A-B1D4-4BE7-B2BA-5150F0D6F304}.Release|Any CPU.Build.0 = Release|Any CPU
	EndGlobalSection
	GlobalSection(SolutionProperties) = preSolution
		HideSolutionNode = FALSE
	EndGlobalSection
	GlobalSection(ExtensibilityGlobals) = postSolution
		SolutionGuid = {C223437B-798C-4F19-8F23-13EDD67748A8}
	EndGlobalSection
EndGlobal
